
Microsoft Visual Studio Solution File, Format Version 12.00
# Visual Studio 14
VisualStudioVersion = 14.0.25420.1
MinimumVisualStudioVersion = 10.0.40219.1
Project("{FAE04EC0-301F-11D3-BF4B-00C04F79EFBC}") = "BeforeSOLID", "BeforeSOLID\BeforeSOLID.csproj", "{81725341-AAB9-41F2-A62A-49CBF06DB5A7}"
EndProject
Project("{FAE04EC0-301F-11D3-BF4B-00C04F79EFBC}") = "SOLIDImplementation", "SOLIDImplementation\SOLIDImplementation.csproj", "{C987F8B5-FACF-4B60-918F-72C69411C063}"
EndProject
Global
	GlobalSection(SolutionConfigurationPlatforms) = preSolution
		Debug|Any CPU = Debug|Any CPU
		Release|Any CPU = Release|Any CPU
	EndGlobalSection
	GlobalSection(ProjectConfigurationPlatforms) = postSolution
		{81725341-AAB9-41F2-A62A-49CBF06DB5A7}.Debug|Any CPU.ActiveCfg = Debug|Any CPU
		{81725341-AAB9-41F2-A62A-49CBF06DB5A7}.Debug|Any CPU.Build.0 = Debug|Any CPU
		{81725341-AAB9-41F2-A62A-49CBF06DB5A7}.Release|Any CPU.ActiveCfg = Release|Any CPU
		{81725341-AAB9-41F2-A62A-49CBF06DB5A7}.Release|Any CPU.Build.0 = Release|Any CPU
		{C987F8B5-FACF-4B60-918F-72C69411C063}.Debug|Any CPU.ActiveCfg = Debug|Any CPU
		{C987F8B5-FACF-4B60-918F-72C69411C063}.Debug|Any CPU.Build.0 = Debug|Any CPU
		{C987F8B5-FACF-4B60-918F-72C69411C063}.Release|Any CPU.ActiveCfg = Release|Any CPU
		{C987F8B5-FACF-4B60-918F-72C69411C063}.Release|Any CPU.Build.0 = Release|Any CPU
	EndGlobalSection
	GlobalSection(SolutionProperties) = preSolution
		HideSolutionNode = FALSE
	EndGlobalSection
EndGlobal
