
Microsoft Visual Studio Solution File, Format Version 12.00
# Visual Studio 14
VisualStudioVersion = 14.0.25420.1
MinimumVisualStudioVersion = 10.0.40219.1
Project("{FAE04EC0-301F-11D3-BF4B-00C04F79EFBC}") = "CS4", "CS4\CS4.csproj", "{2169230B-220A-43D0-87DC-91682E65D0F0}"
EndProject
Project("{FAE04EC0-301F-11D3-BF4B-00C04F79EFBC}") = "AccessModifiersLibrary", "AccessModifiersLibrary\AccessModifiersLibrary.csproj", "{813A8ECB-C5A3-4E83-B46A-22EFB07429B7}"
EndProject
Global
	GlobalSection(SolutionConfigurationPlatforms) = preSolution
		Debug|Any CPU = Debug|Any CPU
		Release|Any CPU = Release|Any CPU
	EndGlobalSection
	GlobalSection(ProjectConfigurationPlatforms) = postSolution
		{2169230B-220A-43D0-87DC-91682E65D0F0}.Debug|Any CPU.ActiveCfg = Debug|Any CPU
		{2169230B-220A-43D0-87DC-91682E65D0F0}.Debug|Any CPU.Build.0 = Debug|Any CPU
		{2169230B-220A-43D0-87DC-91682E65D0F0}.Release|Any CPU.ActiveCfg = Release|Any CPU
		{2169230B-220A-43D0-87DC-91682E65D0F0}.Release|Any CPU.Build.0 = Release|Any CPU
		{813A8ECB-C5A3-4E83-B46A-22EFB07429B7}.Debug|Any CPU.ActiveCfg = Debug|Any CPU
		{813A8ECB-C5A3-4E83-B46A-22EFB07429B7}.Debug|Any CPU.Build.0 = Debug|Any CPU
		{813A8ECB-C5A3-4E83-B46A-22EFB07429B7}.Release|Any CPU.ActiveCfg = Release|Any CPU
		{813A8ECB-C5A3-4E83-B46A-22EFB07429B7}.Release|Any CPU.Build.0 = Release|Any CPU
	EndGlobalSection
	GlobalSection(SolutionProperties) = preSolution
		HideSolutionNode = FALSE
	EndGlobalSection
EndGlobal
